{
  "name": "opencode.nvim",
  "lockfileVersion": 3,
  "requires": true,
  "packages": {
    "": {
      "dependencies": {
        "@github/copilot-language-server": "^1.430.0"
      }
    },
    "node_modules/@github/copilot-language-server": {
      "version": "1.430.0",
      "resolved": "https://registry.npmjs.org/@github/copilot-language-server/-/copilot-language-server-1.430.0.tgz",
      "integrity": "sha512-wt3qEQwrwEAjw4UTG6rMvePZtgRDkvm6aF5GiiA+IF9n0oTxZUust9TBGafr/c1EfH1DsAHjujCeDacECv8r2Q==",
      "license": "MIT",
      "dependencies": {
        "vscode-languageserver-protocol": "^3.17.5"
      },
      "bin": {
        "copilot-language-server": "dist/language-server.js"
      },
      "optionalDependencies": {
        "@github/copilot-language-server-darwin-arm64": "1.430.0",
        "@github/copilot-language-server-darwin-x64": "1.430.0",
        "@github/copilot-language-server-linux-arm64": "1.430.0",
        "@github/copilot-language-server-linux-x64": "1.430.0",
        "@github/copilot-language-server-win32-arm64": "1.430.0",
        "@github/copilot-language-server-win32-x64": "1.430.0"
      }
    },
    "node_modules/@github/copilot-language-server-darwin-arm64": {
      "version": "1.430.0",
      "resolved": "https://registry.npmjs.org/@github/copilot-language-server-darwin-arm64/-/copilot-language-server-darwin-arm64-1.430.0.tgz",
      "integrity": "sha512-W1e1XXMqIFprmCSDofe5XF8pvlhdZ5gDvQipyT+vcP7Ep1h9P1TNqhxb3FKeAFfyFfqMXJe1XpeQhupt501R9Q==",
      "cpu": [
        "arm64"
      ],
      "license": "MIT",
      "optional": true,
      "os": [
        "darwin"
      ]
    },
    "node_modules/@github/copilot-language-server-darwin-x64": {
      "version": "1.430.0",
      "resolved": "https://registry.npmjs.org/@github/copilot-language-server-darwin-x64/-/copilot-language-server-darwin-x64-1.430.0.tgz",
      "integrity": "sha512-g4cECeKepRhFy7cG4H5J7KFADBra4K15cmbG+R8mMNHWddXImGt/4gq5HFBoCIqW0f5QIas5Cbz+rFCwbNLbvg==",
      "cpu": [
        "x64"
      ],
      "license": "MIT",
      "optional": true,
      "os": [
        "darwin"
      ]
    },
    "node_modules/@github/copilot-language-server-linux-arm64": {
      "version": "1.430.0",
      "resolved": "https://registry.npmjs.org/@github/copilot-language-server-linux-arm64/-/copilot-language-server-linux-arm64-1.430.0.tgz",
      "integrity": "sha512-xGtsykROOWjtptCwGzZdJy2nuhBE9F4vXPr1LpMQJG13ajbnocWMHpcn0FdFBnoeNrlg7YDOAhFWJziGyXOf9g==",
      "cpu": [
        "arm64"
      ],
      "license": "MIT",
      "optional": true,
      "os": [
        "linux"
      ]
    },
    "node_modules/@github/copilot-language-server-linux-x64": {
      "version": "1.430.0",
      "resolved": "https://registry.npmjs.org/@github/copilot-language-server-linux-x64/-/copilot-language-server-linux-x64-1.430.0.tgz",
      "integrity": "sha512-LsPDVAcA8tbv5q28vXSe81I2rrovXcXj3N0MkJvg1xSOtMgWYp1MXWse/NiNNoLBUpB54aTWKyiDN77QY/BdGw==",
      "cpu": [
        "x64"
      ],
      "license": "MIT",
      "optional": true,
      "os": [
        "linux"
      ]
    },
    "node_modules/@github/copilot-language-server-win32-arm64": {
      "version": "1.430.0",
      "resolved": "https://registry.npmjs.org/@github/copilot-language-server-win32-arm64/-/copilot-language-server-win32-arm64-1.430.0.tgz",
      "integrity": "sha512-Iejbhk46C5Ce4XARnHrLJg19SeY+HFvNv5dg0slwjnYDprr/ihoRpZxRvQS3zSJ0R1UkeqGVOBwfkW2/5f9DaA==",
      "cpu": [
        "arm64"
      ],
      "license": "MIT",
      "optional": true,
      "os": [
        "win32"
      ]
    },
    "node_modules/@github/copilot-language-server-win32-x64": {
      "version": "1.430.0",
      "resolved": "https://registry.npmjs.org/@github/copilot-language-server-win32-x64/-/copilot-language-server-win32-x64-1.430.0.tgz",
      "integrity": "sha512-tWqW/CYRHzBAzMgFl5RB7Wgu1djp2q4DP5Fo5d10lSVptaf7zmJBLWP7PWq5loqkAIxJj+MFOY1UaZWs13yqhQ==",
      "cpu": [
        "x64"
      ],
      "license": "MIT",
      "optional": true,
      "os": [
        "win32"
      ]
    },
    "node_modules/vscode-jsonrpc": {
      "version": "8.2.0",
      "resolved": "https://registry.npmjs.org/vscode-jsonrpc/-/vscode-jsonrpc-8.2.0.tgz",
      "integrity": "sha512-C+r0eKJUIfiDIfwJhria30+TYWPtuHJXHtI7J0YlOmKAo7ogxP20T0zxB7HZQIFhIyvoBPwWskjxrvAtfjyZfA==",
      "license": "MIT",
      "engines": {
        "node": ">=14.0.0"
      }
    },
    "node_modules/vscode-languageserver-protocol": {
      "version": "3.17.5",
      "resolved": "https://registry.npmjs.org/vscode-languageserver-protocol/-/vscode-languageserver-protocol-3.17.5.tgz",
      "integrity": "sha512-mb1bvRJN8SVznADSGWM9u/b07H7Ecg0I3OgXDuLdn307rl/J3A9YD6/eYOssqhecL27hK1IPZAsaqh00i/Jljg==",
      "license": "MIT",
      "dependencies": {
        "vscode-jsonrpc": "8.2.0",
        "vscode-languageserver-types": "3.17.5"
      }
    },
    "node_modules/vscode-languageserver-types": {
      "version": "3.17.5",
      "resolved": "https://registry.npmjs.org/vscode-languageserver-types/-/vscode-languageserver-types-3.17.5.tgz",
      "integrity": "sha512-Ld1VelNuX9pdF39h2Hgaeb5hEZM2Z3jUrrMgWQAu82jMtZp7p3vJT3BzToKtZI7NgQssZje5o0zryOrhQvzQAg==",
      "license": "MIT"
    }
  }
}
